{
  "lockfileVersion": 1,
  "configVersion": 1,
  "workspaces": {
    "": {
      "name": "create-index",
      "dependencies": {
        "jaro-winkler": "^0.2.8",
        "lodash": "^4.17.21",
      },
    },
  },
  "packages": {
    "jaro-winkler": ["jaro-winkler@0.2.8", "", {}, "sha512-yr+mElb6dWxA1mzFu0+26njV5DWAQRNTi5pB6fFMm79zHrfAs3d0qjhe/IpZI4AHIUJkzvu5QXQRWOw2O0GQyw=="],

    "lodash": ["lodash@4.17.21", "", {}, "sha512-v2kDEe57lecTulaDIuNTPy3Ry4gLGJ6Z1O3vE1krgXZNrsQ+LFTGHVxVjcXPs17LhbZVGedAJv8XZ1tvj5FvSg=="],
  }
}
